// !$*UTF8*$!
{
	archiveVersion = 1;
	classes = {
	};
	objectVersion = 50;
	objects = {

/* Begin PBXBuildFile section */
		8E83996723C92E1700B21BD6 /* AppDelegate.swift in Sources */ = {isa = PBXBuildFile; fileRef = 8E83996623C92E1700B21BD6 /* AppDelegate.swift */; };
		8E83996923C92E1700B21BD6 /* SceneDelegate.swift in Sources */ = {isa = PBXBuildFile; fileRef = 8E83996823C92E1700B21BD6 /* SceneDelegate.swift */; };
		8E83996B23C92E1700B21BD6 /* ContentView.swift in Sources */ = {isa = PBXBuildFile; fileRef = 8E83996A23C92E1700B21BD6 /* ContentView.swift */; };
		8E83996D23C92E1900B21BD6 /* Assets.xcassets in Resources */ = {isa = PBXBuildFile; fileRef = 8E83996C23C92E1900B21BD6 /* Assets.xcassets */; };
		8E83997023C92E1900B21BD6 /* Preview Assets.xcassets in Resources */ = {isa = PBXBuildFile; fileRef = 8E83996F23C92E1900B21BD6 /* Preview Assets.xcassets */; };
		8E83997323C92E1900B21BD6 /* LaunchScreen.storyboard in Resources */ = {isa = PBXBuildFile; fileRef = 8E83997123C92E1900B21BD6 /* LaunchScreen.storyboard */; };
		8E83997E23C92E1900B21BD6 /* pacManTests.swift in Sources */ = {isa = PBXBuildFile; fileRef = 8E83997D23C92E1900B21BD6 /* pacManTests.swift */; };
/* End PBXBuildFile section */

/* Begin PBXContainerItemProxy section */
		8E83997A23C92E1900B21BD6 /* PBXContainerItemProxy */ = {
			isa = PBXContainerItemProxy;
			containerPortal = 8E83995B23C92E1700B21BD6 /* Project object */;
			proxyType = 1;
			remoteGlobalIDString = 8E83996223C92E1700B21BD6;
			remoteInfo = pacMan;
		};
/* End PBXContainerItemProxy section */

/* Begin PBXFileReference section */
		8E83996323C92E1700B21BD6 /* pacMan.app */ = {isa = PBXFileReference; explicitFileType = wrapper.application; includeInIndex = 0; path = pacMan.app; sourceTree = BUILT_PRODUCTS_DIR; };
		8E83996623C92E1700B21BD6 /* AppDelegate.swift */ = {isa = PBXFileReference; lastKnownFileType = sourcecode.swift; path = AppDelegate.swift; sourceTree = "<group>"; };
		8E83996823C92E1700B21BD6 /* SceneDelegate.swift */ = {isa = PBXFileReference; lastKnownFileType = sourcecode.swift; path = SceneDelegate.swift; sourceTree = "<group>"; };
		8E83996A23C92E1700B21BD6 /* ContentView.swift */ = {isa = PBXFileReference; lastKnownFileType = sourcecode.swift; path = ContentView.swift; sourceTree = "<group>"; };
		8E83996C23C92E1900B21BD6 /* Assets.xcassets */ = {isa = PBXFileReference; lastKnownFileType = folder.assetcatalog; path = Assets.xcassets; sourceTree = "<group>"; };
		8E83996F23C92E1900B21BD6 /* Preview Assets.xcassets */ = {isa = PBXFileReference; lastKnownFileType = folder.assetcatalog; path = "Preview Assets.xcassets"; sourceTree = "<group>"; };
		8E83997223C92E1900B21BD6 /* Base */ = {isa = PBXFileReference; lastKnownFileType = file.storyboard; name = Base; path = Base.lproj/LaunchScreen.storyboard; sourceTree = "<group>"; };
		8E83997423C92E1900B21BD6 /* Info.plist */ = {isa = PBXFileReference; lastKnownFileType = text.plist.xml; path = Info.plist; sourceTree = "<group>"; };
		8E83997923C92E1900B21BD6 /* pacManTests.xctest */ = {isa = PBXFileReference; explicitFileType = wrapper.cfbundle; includeInIndex = 0; path = pacManTests.xctest; sourceTree = BUILT_PRODUCTS_DIR; };
		8E83997D23C92E1900B21BD6 /* pacManTests.swift */ = {isa = PBXFileReference; lastKnownFileType = sourcecode.swift; path = pacManTests.swift; sourceTree = "<group>"; };
		8E83997F23C92E1900B21BD6 /* Info.plist */ = {isa = PBXFileReference; lastKnownFileType = text.plist.xml; path = Info.plist; sourceTree = "<group>"; };
/* End PBXFileReference section */

/* Begin PBXFrameworksBuildPhase section */
		8E83996023C92E1700B21BD6 /* Frameworks */ = {
			isa = PBXFrameworksBuildPhase;
			buildActionMask = 2147483647;
			files = (
			);
			runOnlyForDeploymentPostprocessing = 0;
		};
		8E83997623C92E1900B21BD6 /* Frameworks */ = {
			isa = PBXFrameworksBuildPhase;
			buildActionMask = 2147483647;
			files = (
			);
			runOnlyForDeploymentPostprocessing = 0;
		};
/* End PBXFrameworksBuildPhase section */

/* Begin PBXGroup section */
		8E83995A23C92E1700B21BD6 = {
			isa = PBXGroup;
			children = (
				8E83996523C92E1700B21BD6 /* pacMan */,
				8E83997C23C92E1900B21BD6 /* pacManTests */,
				8E83996423C92E1700B21BD6 /* Products */,
			);
			sourceTree = "<group>";
		};
		8E83996423C92E1700B21BD6 /* Products */ = {
			isa = PBXGroup;
			children = (
				8E83996323C92E1700B21BD6 /* pacMan.app */,
				8E83997923C92E1900B21BD6 /* pacManTests.xctest */,
			);
			name = Products;
			sourceTree = "<group>";
		};
		8E83996523C92E1700B21BD6 /* pacMan */ = {
			isa = PBXGroup;
			children = (
				8E83996623C92E1700B21BD6 /* AppDelegate.swift */,
				8E83996823C92E1700B21BD6 /* SceneDelegate.swift */,
				8E83996A23C92E1700B21BD6 /* ContentView.swift */,
				8E83996C23C92E1900B21BD6 /* Assets.xcassets */,
				8E83997123C92E1900B21BD6 /* LaunchScreen.storyboard */,
				8E83997423C92E1900B21BD6 /* Info.plist */,
				8E83996E23C92E1900B21BD6 /* Preview Content */,
			);
			path = pacMan;
			sourceTree = "<group>";
		};
		8E83996E23C92E1900B21BD6 /* Preview Content */ = {
			isa = PBXGroup;
			children = (
				8E83996F23C92E1900B21BD6 /* Preview Assets.xcassets */,
			);
			path = "Preview Content";
			sourceTree = "<group>";
		};
		8E83997C23C92E1900B21BD6 /* pacManTests */ = {
			isa = PBXGroup;
			children = (
				8E83997D23C92E1900B21BD6 /* pacManTests.swift */,
				8E83997F23C92E1900B21BD6 /* Info.plist */,
			);
			path = pacManTests;
			sourceTree = "<group>";
		};
/* End PBXGroup section */

/* Begin PBXNativeTarget section */
		8E83996223C92E1700B21BD6 /* pacMan */ = {
			isa = PBXNativeTarget;
			buildConfigurationList = 8E83998223C92E1900B21BD6 /* Build configuration list for PBXNativeTarget "pacMan" */;
			buildPhases = (
				8E83995F23C92E1700B21BD6 /* Sources */,
				8E83996023C92E1700B21BD6 /* Frameworks */,
				8E83996123C92E1700B21BD6 /* Resources */,
			);
			buildRules = (
			);
			dependencies = (
			);
			name = pacMan;
			productName = pacMan;
			productReference = 8E83996323C92E1700B21BD6 /* pacMan.app */;
			productType = "com.apple.product-type.application";
		};
		8E83997823C92E1900B21BD6 /* pacManTests */ = {
			isa = PBXNativeTarget;
			buildConfigurationList = 8E83998523C92E1900B21BD6 /* Build configuration list for PBXNativeTarget "pacManTests" */;
			buildPhases = (
				8E83997523C92E1900B21BD6 /* Sources */,
				8E83997623C92E1900B21BD6 /* Frameworks */,
				8E83997723C92E1900B21BD6 /* Resources */,
			);
			buildRules = (
			);
			dependencies = (
				8E83997B23C92E1900B21BD6 /* PBXTargetDependency */,
			);
			name = pacManTests;
			productName = pacManTests;
			productReference = 8E83997923C92E1900B21BD6 /* pacManTests.xctest */;
			productType = "com.apple.product-type.bundle.unit-test";
		};
/* End PBXNativeTarget section */

/* Begin PBXProject section */
		8E83995B23C92E1700B21BD6 /* Project object */ = {
			isa = PBXProject;
			attributes = {
				LastSwiftUpdateCheck = 1130;
				LastUpgradeCheck = 1130;
				ORGANIZATIONNAME = "Iwin Yeung";
				TargetAttributes = {
					8E83996223C92E1700B21BD6 = {
						CreatedOnToolsVersion = 11.3;
					};
					8E83997823C92E1900B21BD6 = {
						CreatedOnToolsVersion = 11.3;
						TestTargetID = 8E83996223C92E1700B21BD6;
					};
				};
			};
			buildConfigurationList = 8E83995E23C92E1700B21BD6 /* Build configuration list for PBXProject "pacMan" */;
			compatibilityVersion = "Xcode 9.3";
			developmentRegion = en;
			hasScannedForEncodings = 0;
			knownRegions = (
				en,
				Base,
			);
			mainGroup = 8E83995A23C92E1700B21BD6;
			productRefGroup = 8E83996423C92E1700B21BD6 /* Products */;
			projectDirPath = "";
			projectRoot = "";
			targets = (
				8E83996223C92E1700B21BD6 /* pacMan */,
				8E83997823C92E1900B21BD6 /* pacManTests */,
			);
		};
/* End PBXProject section */

/* Begin PBXResourcesBuildPhase section */
		8E83996123C92E1700B21BD6 /* Resources */ = {
			isa = PBXResourcesBuildPhase;
			buildActionMask = 2147483647;
			files = (
				8E83997323C92E1900B21BD6 /* LaunchScreen.storyboard in Resources */,
				8E83997023C92E1900B21BD6 /* Preview Assets.xcassets in Resources */,
				8E83996D23C92E1900B21BD6 /* Assets.xcassets in Resources */,
			);
			runOnlyForDeploymentPostprocessing = 0;
		};
		8E83997723C92E1900B21BD6 /* Resources */ = {
			isa = PBXResourcesBuildPhase;
			buildActionMask = 2147483647;
			files = (
			);
			runOnlyForDeploymentPostprocessing = 0;
		};
/* End PBXResourcesBuildPhase section */

/* Begin PBXSourcesBuildPhase section */
		8E83995F23C92E1700B21BD6 /* Sources */ = {
			isa = PBXSourcesBuildPhase;
			buildActionMask = 2147483647;
			files = (
				8E83996723C92E1700B21BD6 /* AppDelegate.swift in Sources */,
				8E83996923C92E1700B21BD6 /* SceneDelegate.swift in Sources */,
				8E83996B23C92E1700B21BD6 /* ContentView.swift in Sources */,
			);
			runOnlyForDeploymentPostprocessing = 0;
		};
		8E83997523C92E1900B21BD6 /* Sources */ = {
			isa = PBXSourcesBuildPhase;
			buildActionMask = 2147483647;
			files = (
				8E83997E23C92E1900B21BD6 /* pacManTests.swift in Sources */,
			);
			runOnlyForDeploymentPostprocessing = 0;
		};
/* End PBXSourcesBuildPhase section */

/* Begin PBXTargetDependency section */
		8E83997B23C92E1900B21BD6 /* PBXTargetDependency */ = {
			isa = PBXTargetDependency;
			target = 8E83996223C92E1700B21BD6 /* pacMan */;
			targetProxy = 8E83997A23C92E1900B21BD6 /* PBXContainerItemProxy */;
		};
/* End PBXTargetDependency section */

/* Begin PBXVariantGroup section */
		8E83997123C92E1900B21BD6 /* LaunchScreen.storyboard */ = {
			isa = PBXVariantGroup;
			children = (
				8E83997223C92E1900B21BD6 /* Base */,
			);
			name = LaunchScreen.storyboard;
			sourceTree = "<group>";
		};
/* End PBXVariantGroup section */

/* Begin XCBuildConfiguration section */
		8E83998023C92E1900B21BD6 /* Debug */ = {
			isa = XCBuildConfiguration;
			buildSettings = {
				ALWAYS_SEARCH_USER_PATHS = NO;
				CLANG_ANALYZER_NONNULL = YES;
				CLANG_ANALYZER_NUMBER_OBJECT_CONVERSION = YES_AGGRESSIVE;
				CLANG_CXX_LANGUAGE_STANDARD = "gnu++14";
				CLANG_CXX_LIBRARY = "libc++";
				CLANG_ENABLE_MODULES = YES;
				CLANG_ENABLE_OBJC_ARC = YES;
				CLANG_ENABLE_OBJC_WEAK = YES;
				CLANG_WARN_BLOCK_CAPTURE_AUTORELEASING = YES;
				CLANG_WARN_BOOL_CONVERSION = YES;
				CLANG_WARN_COMMA = YES;
				CLANG_WARN_CONSTANT_CONVERSION = YES;
				CLANG_WARN_DEPRECATED_OBJC_IMPLEMENTATIONS = YES;
				CLANG_WARN_DIRECT_OBJC_ISA_USAGE = YES_ERROR;
				CLANG_WARN_DOCUMENTATION_COMMENTS = YES;
				CLANG_WARN_EMPTY_BODY = YES;
				CLANG_WARN_ENUM_CONVERSION = YES;
				CLANG_WARN_INFINITE_RECURSION = YES;
				CLANG_WARN_INT_CONVERSION = YES;
				CLANG_WARN_NON_LITERAL_NULL_CONVERSION = YES;
				CLANG_WARN_OBJC_IMPLICIT_RETAIN_SELF = YES;
				CLANG_WARN_OBJC_LITERAL_CONVERSION = YES;
				CLANG_WARN_OBJC_ROOT_CLASS = YES_ERROR;
				CLANG_WARN_RANGE_LOOP_ANALYSIS = YES;
				CLANG_WARN_STRICT_PROTOTYPES = YES;
				CLANG_WARN_SUSPICIOUS_MOVE = YES;
				CLANG_WARN_UNGUARDED_AVAILABILITY = YES_AGGRESSIVE;
				CLANG_WARN_UNREACHABLE_CODE = YES;
				CLANG_WARN__DUPLICATE_METHOD_MATCH = YES;
				COPY_PHASE_STRIP = NO;
				DEBUG_INFORMATION_FORMAT = dwarf;
				ENABLE_STRICT_OBJC_MSGSEND = YES;
				ENABLE_TESTABILITY = YES;
				GCC_C_LANGUAGE_STANDARD = gnu11;
				GCC_DYNAMIC_NO_PIC = NO;
				GCC_NO_COMMON_BLOCKS = YES;
				GCC_OPTIMIZATION_LEVEL = 0;
				GCC_PREPROCESSOR_DEFINITIONS = (
					"DEBUG=1",
					"$(inherited)",
				);
				GCC_WARN_64_TO_32_BIT_CONVERSION = YES;
				GCC_WARN_ABOUT_RETURN_TYPE = YES_ERROR;
				GCC_WARN_UNDECLARED_SELECTOR = YES;
				GCC_WARN_UNINITIALIZED_AUTOS = YES_AGGRESSIVE;
				GCC_WARN_UNUSED_FUNCTION = YES;
				GCC_WARN_UNUSED_VARIABLE = YES;
				IPHONEOS_DEPLOYMENT_TARGET = 13.2;
				MTL_ENABLE_DEBUG_INFO = INCLUDE_SOURCE;
				MTL_FAST_MATH = YES;
				ONLY_ACTIVE_ARCH = YES;
				SDKROOT = iphoneos;
				SWIFT_ACTIVE_COMPILATION_CONDITIONS = DEBUG;
				SWIFT_OPTIMIZATION_LEVEL = "-Onone";
			};
			name = Debug;
		};
		8E83998123C92E1900B21BD6 /* Release */ = {
			isa = XCBuildConfiguration;
			buildSettings = {
				ALWAYS_SEARCH_USER_PATHS = NO;
				CLANG_ANALYZER_NONNULL = YES;
				CLANG_ANALYZER_NUMBER_OBJECT_CONVERSION = YES_AGGRESSIVE;
				CLANG_CXX_LANGUAGE_STANDARD = "gnu++14";
				CLANG_CXX_LIBRARY = "libc++";
				CLANG_ENABLE_MODULES = YES;
				CLANG_ENABLE_OBJC_ARC = YES;
				CLANG_ENABLE_OBJC_WEAK = YES;
				CLANG_WARN_BLOCK_CAPTURE_AUTORELEASING = YES;
				CLANG_WARN_BOOL_CONVERSION = YES;
				CLANG_WARN_COMMA = YES;
				CLANG_WARN_CONSTANT_CONVERSION = YES;
				CLANG_WARN_DEPRECATED_OBJC_IMPLEMENTATIONS = YES;
				CLANG_WARN_DIRECT_OBJC_ISA_USAGE = YES_ERROR;
				CLANG_WARN_DOCUMENTATION_COMMENTS = YES;
				CLANG_WARN_EMPTY_BODY = YES;
				CLANG_WARN_ENUM_CONVERSION = YES;
				CLANG_WARN_INFINITE_RECURSION = YES;
				CLANG_WARN_INT_CONVERSION = YES;
				CLANG_WARN_NON_LITERAL_NULL_CONVERSION = YES;
				CLANG_WARN_OBJC_IMPLICIT_RETAIN_SELF = YES;
				CLANG_WARN_OBJC_LITERAL_CONVERSION = YES;
				CLANG_WARN_OBJC_ROOT_CLASS = YES_ERROR;
				CLANG_WARN_RANGE_LOOP_ANALYSIS = YES;
				CLANG_WARN_STRICT_PROTOTYPES = YES;
				CLANG_WARN_SUSPICIOUS_MOVE = YES;
				CLANG_WARN_UNGUARDED_AVAILABILITY = YES_AGGRESSIVE;
				CLANG_WARN_UNREACHABLE_CODE = YES;
				CLANG_WARN__DUPLICATE_METHOD_MATCH = YES;
				COPY_PHASE_STRIP = NO;
				DEBUG_INFORMATION_FORMAT = "dwarf-with-dsym";
				ENABLE_NS_ASSERTIONS = NO;
				ENABLE_STRICT_OBJC_MSGSEND = YES;
				GCC_C_LANGUAGE_STANDARD = gnu11;
				GCC_NO_COMMON_BLOCKS = YES;
				GCC_WARN_64_TO_32_BIT_CONVERSION = YES;
				GCC_WARN_ABOUT_RETURN_TYPE = YES_ERROR;
				GCC_WARN_UNDECLARED_SELECTOR = YES;
				GCC_WARN_UNINITIALIZED_AUTOS = YES_AGGRESSIVE;
				GCC_WARN_UNUSED_FUNCTION = YES;
				GCC_WARN_UNUSED_VARIABLE = YES;
				IPHONEOS_DEPLOYMENT_TARGET = 13.2;
				MTL_ENABLE_DEBUG_INFO = NO;
				MTL_FAST_MATH = YES;
				SDKROOT = iphoneos;
				SWIFT_COMPILATION_MODE = wholemodule;
				SWIFT_OPTIMIZATION_LEVEL = "-O";
				VALIDATE_PRODUCT = YES;
			};
			name = Release;
		};
		8E83998323C92E1900B21BD6 /* Debug */ = {
			isa = XCBuildConfiguration;
			buildSettings = {
				ASSETCATALOG_COMPILER_APPICON_NAME = AppIcon;
				CODE_SIGN_STYLE = Automatic;
				DEVELOPMENT_ASSET_PATHS = "\"pacMan/Preview Content\"";
				ENABLE_PREVIEWS = YES;
				INFOPLIST_FILE = pacMan/Info.plist;
				LD_RUNPATH_SEARCH_PATHS = (
					"$(inherited)",
					"@executable_path/Frameworks",
				);
				PRODUCT_BUNDLE_IDENTIFIER = com.Test.pacMan;
				PRODUCT_NAME = "$(TARGET_NAME)";
				SWIFT_VERSION = 5.0;
				TARGETED_DEVICE_FAMILY = "1,2";
			};
			name = Debug;
		};
		8E83998423C92E1900B21BD6 /* Release */ = {
			isa = XCBuildConfiguration;
			buildSettings = {
				ASSETCATALOG_COMPILER_APPICON_NAME = AppIcon;
				CODE_SIGN_STYLE = Automatic;
				DEVELOPMENT_ASSET_PATHS = "\"pacMan/Preview Content\"";
				ENABLE_PREVIEWS = YES;
				INFOPLIST_FILE = pacMan/Info.plist;
				LD_RUNPATH_SEARCH_PATHS = (
					"$(inherited)",
					"@executable_path/Frameworks",
				);
				PRODUCT_BUNDLE_IDENTIFIER = com.Test.pacMan;
				PRODUCT_NAME = "$(TARGET_NAME)";
				SWIFT_VERSION = 5.0;
				TARGETED_DEVICE_FAMILY = "1,2";
			};
			name = Release;
		};
		8E83998623C92E1900B21BD6 /* Debug */ = {
			isa = XCBuildConfiguration;
			buildSettings = {
				ALWAYS_EMBED_SWIFT_STANDARD_LIBRARIES = YES;
				BUNDLE_LOADER = "$(TEST_HOST)";
				CODE_SIGN_STYLE = Automatic;
				INFOPLIST_FILE = pacManTests/Info.plist;
				IPHONEOS_DEPLOYMENT_TARGET = 13.2;
				LD_RUNPATH_SEARCH_PATHS = (
					"$(inherited)",
					"@executable_path/Frameworks",
					"@loader_path/Frameworks",
				);
				PRODUCT_BUNDLE_IDENTIFIER = com.Test.pacManTests;
				PRODUCT_NAME = "$(TARGET_NAME)";
				SWIFT_VERSION = 5.0;
				TARGETED_DEVICE_FAMILY = "1,2";
				TEST_HOST = "$(BUILT_PRODUCTS_DIR)/pacMan.app/pacMan";
			};
			name = Debug;
		};
		8E83998723C92E1900B21BD6 /* Release */ = {
			isa = XCBuildConfiguration;
			buildSettings = {
				ALWAYS_EMBED_SWIFT_STANDARD_LIBRARIES = YES;
				BUNDLE_LOADER = "$(TEST_HOST)";
				CODE_SIGN_STYLE = Automatic;
				INFOPLIST_FILE = pacManTests/Info.plist;
				IPHONEOS_DEPLOYMENT_TARGET = 13.2;
				LD_RUNPATH_SEARCH_PATHS = (
					"$(inherited)",
					"@executable_path/Frameworks",
					"@loader_path/Frameworks",
				);
				PRODUCT_BUNDLE_IDENTIFIER = com.Test.pacManTests;
				PRODUCT_NAME = "$(TARGET_NAME)";
				SWIFT_VERSION = 5.0;
				TARGETED_DEVICE_FAMILY = "1,2";
				TEST_HOST = "$(BUILT_PRODUCTS_DIR)/pacMan.app/pacMan";
			};
			name = Release;
		};
/* End XCBuildConfiguration section */

/* Begin XCConfigurationList section */
		8E83995E23C92E1700B21BD6 /* Build configuration list for PBXProject "pacMan" */ = {
			isa = XCConfigurationList;
			buildConfigurations = (
				8E83998023C92E1900B21BD6 /* Debug */,
				8E83998123C92E1900B21BD6 /* Release */,
			);
			defaultConfigurationIsVisible = 0;
			defaultConfigurationName = Release;
		};
		8E83998223C92E1900B21BD6 /* Build configuration list for PBXNativeTarget "pacMan" */ = {
			isa = XCConfigurationList;
			buildConfigurations = (
				8E83998323C92E1900B21BD6 /* Debug */,
				8E83998423C92E1900B21BD6 /* Release */,
			);
			defaultConfigurationIsVisible = 0;
			defaultConfigurationName = Release;
		};
		8E83998523C92E1900B21BD6 /* Build configuration list for PBXNativeTarget "pacManTests" */ = {
			isa = XCConfigurationList;
			buildConfigurations = (
				8E83998623C92E1900B21BD6 /* Debug */,
				8E83998723C92E1900B21BD6 /* Release */,
			);
			defaultConfigurationIsVisible = 0;
			defaultConfigurationName = Release;
		};
/* End XCConfigurationList section */
	};
	rootObject = 8E83995B23C92E1700B21BD6 /* Project object */;
}
