// !$*UTF8*$!
{
	archiveVersion = 1;
	classes = {
	};
	objectVersion = 50;
	objects = {

/* Begin PBXBuildFile section */
		8E83993723C8EB7700B21BD6 /* AppDelegate.swift in Sources */ = {isa = PBXBuildFile; fileRef = 8E83993623C8EB7700B21BD6 /* AppDelegate.swift */; };
		8E83993923C8EB7700B21BD6 /* SceneDelegate.swift in Sources */ = {isa = PBXBuildFile; fileRef = 8E83993823C8EB7700B21BD6 /* SceneDelegate.swift */; };
		8E83993B23C8EB7700B21BD6 /* ContentView.swift in Sources */ = {isa = PBXBuildFile; fileRef = 8E83993A23C8EB7700B21BD6 /* ContentView.swift */; };
		8E83993D23C8EB7800B21BD6 /* Assets.xcassets in Resources */ = {isa = PBXBuildFile; fileRef = 8E83993C23C8EB7800B21BD6 /* Assets.xcassets */; };
		8E83994023C8EB7800B21BD6 /* Preview Assets.xcassets in Resources */ = {isa = PBXBuildFile; fileRef = 8E83993F23C8EB7800B21BD6 /* Preview Assets.xcassets */; };
		8E83994323C8EB7800B21BD6 /* LaunchScreen.storyboard in Resources */ = {isa = PBXBuildFile; fileRef = 8E83994123C8EB7800B21BD6 /* LaunchScreen.storyboard */; };
		8E83994E23C8EB7800B21BD6 /* CoffeeLoaderTests.swift in Sources */ = {isa = PBXBuildFile; fileRef = 8E83994D23C8EB7800B21BD6 /* CoffeeLoaderTests.swift */; };
		8E83995923C8EC3100B21BD6 /* toffee.png in Resources */ = {isa = PBXBuildFile; fileRef = 8E83995823C8EC3100B21BD6 /* toffee.png */; };
/* End PBXBuildFile section */

/* Begin PBXContainerItemProxy section */
		8E83994A23C8EB7800B21BD6 /* PBXContainerItemProxy */ = {
			isa = PBXContainerItemProxy;
			containerPortal = 8E83992B23C8EB7700B21BD6 /* Project object */;
			proxyType = 1;
			remoteGlobalIDString = 8E83993223C8EB7700B21BD6;
			remoteInfo = CoffeeLoader;
		};
/* End PBXContainerItemProxy section */

/* Begin PBXFileReference section */
		8E83993323C8EB7700B21BD6 /* CoffeeLoader.app */ = {isa = PBXFileReference; explicitFileType = wrapper.application; includeInIndex = 0; path = CoffeeLoader.app; sourceTree = BUILT_PRODUCTS_DIR; };
		8E83993623C8EB7700B21BD6 /* AppDelegate.swift */ = {isa = PBXFileReference; lastKnownFileType = sourcecode.swift; path = AppDelegate.swift; sourceTree = "<group>"; };
		8E83993823C8EB7700B21BD6 /* SceneDelegate.swift */ = {isa = PBXFileReference; lastKnownFileType = sourcecode.swift; path = SceneDelegate.swift; sourceTree = "<group>"; };
		8E83993A23C8EB7700B21BD6 /* ContentView.swift */ = {isa = PBXFileReference; lastKnownFileType = sourcecode.swift; path = ContentView.swift; sourceTree = "<group>"; };
		8E83993C23C8EB7800B21BD6 /* Assets.xcassets */ = {isa = PBXFileReference; lastKnownFileType = folder.assetcatalog; path = Assets.xcassets; sourceTree = "<group>"; };
		8E83993F23C8EB7800B21BD6 /* Preview Assets.xcassets */ = {isa = PBXFileReference; lastKnownFileType = folder.assetcatalog; path = "Preview Assets.xcassets"; sourceTree = "<group>"; };
		8E83994223C8EB7800B21BD6 /* Base */ = {isa = PBXFileReference; lastKnownFileType = file.storyboard; name = Base; path = Base.lproj/LaunchScreen.storyboard; sourceTree = "<group>"; };
		8E83994423C8EB7800B21BD6 /* Info.plist */ = {isa = PBXFileReference; lastKnownFileType = text.plist.xml; path = Info.plist; sourceTree = "<group>"; };
		8E83994923C8EB7800B21BD6 /* CoffeeLoaderTests.xctest */ = {isa = PBXFileReference; explicitFileType = wrapper.cfbundle; includeInIndex = 0; path = CoffeeLoaderTests.xctest; sourceTree = BUILT_PRODUCTS_DIR; };
		8E83994D23C8EB7800B21BD6 /* CoffeeLoaderTests.swift */ = {isa = PBXFileReference; lastKnownFileType = sourcecode.swift; path = CoffeeLoaderTests.swift; sourceTree = "<group>"; };
		8E83994F23C8EB7800B21BD6 /* Info.plist */ = {isa = PBXFileReference; lastKnownFileType = text.plist.xml; path = Info.plist; sourceTree = "<group>"; };
		8E83995823C8EC3100B21BD6 /* toffee.png */ = {isa = PBXFileReference; lastKnownFileType = image.png; name = toffee.png; path = ../../toffee.png; sourceTree = "<group>"; };
/* End PBXFileReference section */

/* Begin PBXFrameworksBuildPhase section */
		8E83993023C8EB7700B21BD6 /* Frameworks */ = {
			isa = PBXFrameworksBuildPhase;
			buildActionMask = 2147483647;
			files = (
			);
			runOnlyForDeploymentPostprocessing = 0;
		};
		8E83994623C8EB7800B21BD6 /* Frameworks */ = {
			isa = PBXFrameworksBuildPhase;
			buildActionMask = 2147483647;
			files = (
			);
			runOnlyForDeploymentPostprocessing = 0;
		};
/* End PBXFrameworksBuildPhase section */

/* Begin PBXGroup section */
		8E83992A23C8EB7700B21BD6 = {
			isa = PBXGroup;
			children = (
				8E83993523C8EB7700B21BD6 /* CoffeeLoader */,
				8E83994C23C8EB7800B21BD6 /* CoffeeLoaderTests */,
				8E83993423C8EB7700B21BD6 /* Products */,
			);
			sourceTree = "<group>";
		};
		8E83993423C8EB7700B21BD6 /* Products */ = {
			isa = PBXGroup;
			children = (
				8E83993323C8EB7700B21BD6 /* CoffeeLoader.app */,
				8E83994923C8EB7800B21BD6 /* CoffeeLoaderTests.xctest */,
			);
			name = Products;
			sourceTree = "<group>";
		};
		8E83993523C8EB7700B21BD6 /* CoffeeLoader */ = {
			isa = PBXGroup;
			children = (
				8E83993623C8EB7700B21BD6 /* AppDelegate.swift */,
				8E83993823C8EB7700B21BD6 /* SceneDelegate.swift */,
				8E83993A23C8EB7700B21BD6 /* ContentView.swift */,
				8E83993C23C8EB7800B21BD6 /* Assets.xcassets */,
				8E83994123C8EB7800B21BD6 /* LaunchScreen.storyboard */,
				8E83994423C8EB7800B21BD6 /* Info.plist */,
				8E83995823C8EC3100B21BD6 /* toffee.png */,
				8E83993E23C8EB7800B21BD6 /* Preview Content */,
			);
			path = CoffeeLoader;
			sourceTree = "<group>";
		};
		8E83993E23C8EB7800B21BD6 /* Preview Content */ = {
			isa = PBXGroup;
			children = (
				8E83993F23C8EB7800B21BD6 /* Preview Assets.xcassets */,
			);
			path = "Preview Content";
			sourceTree = "<group>";
		};
		8E83994C23C8EB7800B21BD6 /* CoffeeLoaderTests */ = {
			isa = PBXGroup;
			children = (
				8E83994D23C8EB7800B21BD6 /* CoffeeLoaderTests.swift */,
				8E83994F23C8EB7800B21BD6 /* Info.plist */,
			);
			path = CoffeeLoaderTests;
			sourceTree = "<group>";
		};
/* End PBXGroup section */

/* Begin PBXNativeTarget section */
		8E83993223C8EB7700B21BD6 /* CoffeeLoader */ = {
			isa = PBXNativeTarget;
			buildConfigurationList = 8E83995223C8EB7800B21BD6 /* Build configuration list for PBXNativeTarget "CoffeeLoader" */;
			buildPhases = (
				8E83992F23C8EB7700B21BD6 /* Sources */,
				8E83993023C8EB7700B21BD6 /* Frameworks */,
				8E83993123C8EB7700B21BD6 /* Resources */,
			);
			buildRules = (
			);
			dependencies = (
			);
			name = CoffeeLoader;
			productName = CoffeeLoader;
			productReference = 8E83993323C8EB7700B21BD6 /* CoffeeLoader.app */;
			productType = "com.apple.product-type.application";
		};
		8E83994823C8EB7800B21BD6 /* CoffeeLoaderTests */ = {
			isa = PBXNativeTarget;
			buildConfigurationList = 8E83995523C8EB7800B21BD6 /* Build configuration list for PBXNativeTarget "CoffeeLoaderTests" */;
			buildPhases = (
				8E83994523C8EB7800B21BD6 /* Sources */,
				8E83994623C8EB7800B21BD6 /* Frameworks */,
				8E83994723C8EB7800B21BD6 /* Resources */,
			);
			buildRules = (
			);
			dependencies = (
				8E83994B23C8EB7800B21BD6 /* PBXTargetDependency */,
			);
			name = CoffeeLoaderTests;
			productName = CoffeeLoaderTests;
			productReference = 8E83994923C8EB7800B21BD6 /* CoffeeLoaderTests.xctest */;
			productType = "com.apple.product-type.bundle.unit-test";
		};
/* End PBXNativeTarget section */

/* Begin PBXProject section */
		8E83992B23C8EB7700B21BD6 /* Project object */ = {
			isa = PBXProject;
			attributes = {
				LastSwiftUpdateCheck = 1130;
				LastUpgradeCheck = 1130;
				ORGANIZATIONNAME = "Iwin Yeung";
				TargetAttributes = {
					8E83993223C8EB7700B21BD6 = {
						CreatedOnToolsVersion = 11.3;
					};
					8E83994823C8EB7800B21BD6 = {
						CreatedOnToolsVersion = 11.3;
						TestTargetID = 8E83993223C8EB7700B21BD6;
					};
				};
			};
			buildConfigurationList = 8E83992E23C8EB7700B21BD6 /* Build configuration list for PBXProject "CoffeeLoader" */;
			compatibilityVersion = "Xcode 9.3";
			developmentRegion = en;
			hasScannedForEncodings = 0;
			knownRegions = (
				en,
				Base,
			);
			mainGroup = 8E83992A23C8EB7700B21BD6;
			productRefGroup = 8E83993423C8EB7700B21BD6 /* Products */;
			projectDirPath = "";
			projectRoot = "";
			targets = (
				8E83993223C8EB7700B21BD6 /* CoffeeLoader */,
				8E83994823C8EB7800B21BD6 /* CoffeeLoaderTests */,
			);
		};
/* End PBXProject section */

/* Begin PBXResourcesBuildPhase section */
		8E83993123C8EB7700B21BD6 /* Resources */ = {
			isa = PBXResourcesBuildPhase;
			buildActionMask = 2147483647;
			files = (
				8E83994323C8EB7800B21BD6 /* LaunchScreen.storyboard in Resources */,
				8E83994023C8EB7800B21BD6 /* Preview Assets.xcassets in Resources */,
				8E83995923C8EC3100B21BD6 /* toffee.png in Resources */,
				8E83993D23C8EB7800B21BD6 /* Assets.xcassets in Resources */,
			);
			runOnlyForDeploymentPostprocessing = 0;
		};
		8E83994723C8EB7800B21BD6 /* Resources */ = {
			isa = PBXResourcesBuildPhase;
			buildActionMask = 2147483647;
			files = (
			);
			runOnlyForDeploymentPostprocessing = 0;
		};
/* End PBXResourcesBuildPhase section */

/* Begin PBXSourcesBuildPhase section */
		8E83992F23C8EB7700B21BD6 /* Sources */ = {
			isa = PBXSourcesBuildPhase;
			buildActionMask = 2147483647;
			files = (
				8E83993723C8EB7700B21BD6 /* AppDelegate.swift in Sources */,
				8E83993923C8EB7700B21BD6 /* SceneDelegate.swift in Sources */,
				8E83993B23C8EB7700B21BD6 /* ContentView.swift in Sources */,
			);
			runOnlyForDeploymentPostprocessing = 0;
		};
		8E83994523C8EB7800B21BD6 /* Sources */ = {
			isa = PBXSourcesBuildPhase;
			buildActionMask = 2147483647;
			files = (
				8E83994E23C8EB7800B21BD6 /* CoffeeLoaderTests.swift in Sources */,
			);
			runOnlyForDeploymentPostprocessing = 0;
		};
/* End PBXSourcesBuildPhase section */

/* Begin PBXTargetDependency section */
		8E83994B23C8EB7800B21BD6 /* PBXTargetDependency */ = {
			isa = PBXTargetDependency;
			target = 8E83993223C8EB7700B21BD6 /* CoffeeLoader */;
			targetProxy = 8E83994A23C8EB7800B21BD6 /* PBXContainerItemProxy */;
		};
/* End PBXTargetDependency section */

/* Begin PBXVariantGroup section */
		8E83994123C8EB7800B21BD6 /* LaunchScreen.storyboard */ = {
			isa = PBXVariantGroup;
			children = (
				8E83994223C8EB7800B21BD6 /* Base */,
			);
			name = LaunchScreen.storyboard;
			sourceTree = "<group>";
		};
/* End PBXVariantGroup section */

/* Begin XCBuildConfiguration section */
		8E83995023C8EB7800B21BD6 /* Debug */ = {
			isa = XCBuildConfiguration;
			buildSettings = {
				ALWAYS_SEARCH_USER_PATHS = NO;
				CLANG_ANALYZER_NONNULL = YES;
				CLANG_ANALYZER_NUMBER_OBJECT_CONVERSION = YES_AGGRESSIVE;
				CLANG_CXX_LANGUAGE_STANDARD = "gnu++14";
				CLANG_CXX_LIBRARY = "libc++";
				CLANG_ENABLE_MODULES = YES;
				CLANG_ENABLE_OBJC_ARC = YES;
				CLANG_ENABLE_OBJC_WEAK = YES;
				CLANG_WARN_BLOCK_CAPTURE_AUTORELEASING = YES;
				CLANG_WARN_BOOL_CONVERSION = YES;
				CLANG_WARN_COMMA = YES;
				CLANG_WARN_CONSTANT_CONVERSION = YES;
				CLANG_WARN_DEPRECATED_OBJC_IMPLEMENTATIONS = YES;
				CLANG_WARN_DIRECT_OBJC_ISA_USAGE = YES_ERROR;
				CLANG_WARN_DOCUMENTATION_COMMENTS = YES;
				CLANG_WARN_EMPTY_BODY = YES;
				CLANG_WARN_ENUM_CONVERSION = YES;
				CLANG_WARN_INFINITE_RECURSION = YES;
				CLANG_WARN_INT_CONVERSION = YES;
				CLANG_WARN_NON_LITERAL_NULL_CONVERSION = YES;
				CLANG_WARN_OBJC_IMPLICIT_RETAIN_SELF = YES;
				CLANG_WARN_OBJC_LITERAL_CONVERSION = YES;
				CLANG_WARN_OBJC_ROOT_CLASS = YES_ERROR;
				CLANG_WARN_RANGE_LOOP_ANALYSIS = YES;
				CLANG_WARN_STRICT_PROTOTYPES = YES;
				CLANG_WARN_SUSPICIOUS_MOVE = YES;
				CLANG_WARN_UNGUARDED_AVAILABILITY = YES_AGGRESSIVE;
				CLANG_WARN_UNREACHABLE_CODE = YES;
				CLANG_WARN__DUPLICATE_METHOD_MATCH = YES;
				COPY_PHASE_STRIP = NO;
				DEBUG_INFORMATION_FORMAT = dwarf;
				ENABLE_STRICT_OBJC_MSGSEND = YES;
				ENABLE_TESTABILITY = YES;
				GCC_C_LANGUAGE_STANDARD = gnu11;
				GCC_DYNAMIC_NO_PIC = NO;
				GCC_NO_COMMON_BLOCKS = YES;
				GCC_OPTIMIZATION_LEVEL = 0;
				GCC_PREPROCESSOR_DEFINITIONS = (
					"DEBUG=1",
					"$(inherited)",
				);
				GCC_WARN_64_TO_32_BIT_CONVERSION = YES;
				GCC_WARN_ABOUT_RETURN_TYPE = YES_ERROR;
				GCC_WARN_UNDECLARED_SELECTOR = YES;
				GCC_WARN_UNINITIALIZED_AUTOS = YES_AGGRESSIVE;
				GCC_WARN_UNUSED_FUNCTION = YES;
				GCC_WARN_UNUSED_VARIABLE = YES;
				IPHONEOS_DEPLOYMENT_TARGET = 13.2;
				MTL_ENABLE_DEBUG_INFO = INCLUDE_SOURCE;
				MTL_FAST_MATH = YES;
				ONLY_ACTIVE_ARCH = YES;
				SDKROOT = iphoneos;
				SWIFT_ACTIVE_COMPILATION_CONDITIONS = DEBUG;
				SWIFT_OPTIMIZATION_LEVEL = "-Onone";
			};
			name = Debug;
		};
		8E83995123C8EB7800B21BD6 /* Release */ = {
			isa = XCBuildConfiguration;
			buildSettings = {
				ALWAYS_SEARCH_USER_PATHS = NO;
				CLANG_ANALYZER_NONNULL = YES;
				CLANG_ANALYZER_NUMBER_OBJECT_CONVERSION = YES_AGGRESSIVE;
				CLANG_CXX_LANGUAGE_STANDARD = "gnu++14";
				CLANG_CXX_LIBRARY = "libc++";
				CLANG_ENABLE_MODULES = YES;
				CLANG_ENABLE_OBJC_ARC = YES;
				CLANG_ENABLE_OBJC_WEAK = YES;
				CLANG_WARN_BLOCK_CAPTURE_AUTORELEASING = YES;
				CLANG_WARN_BOOL_CONVERSION = YES;
				CLANG_WARN_COMMA = YES;
				CLANG_WARN_CONSTANT_CONVERSION = YES;
				CLANG_WARN_DEPRECATED_OBJC_IMPLEMENTATIONS = YES;
				CLANG_WARN_DIRECT_OBJC_ISA_USAGE = YES_ERROR;
				CLANG_WARN_DOCUMENTATION_COMMENTS = YES;
				CLANG_WARN_EMPTY_BODY = YES;
				CLANG_WARN_ENUM_CONVERSION = YES;
				CLANG_WARN_INFINITE_RECURSION = YES;
				CLANG_WARN_INT_CONVERSION = YES;
				CLANG_WARN_NON_LITERAL_NULL_CONVERSION = YES;
				CLANG_WARN_OBJC_IMPLICIT_RETAIN_SELF = YES;
				CLANG_WARN_OBJC_LITERAL_CONVERSION = YES;
				CLANG_WARN_OBJC_ROOT_CLASS = YES_ERROR;
				CLANG_WARN_RANGE_LOOP_ANALYSIS = YES;
				CLANG_WARN_STRICT_PROTOTYPES = YES;
				CLANG_WARN_SUSPICIOUS_MOVE = YES;
				CLANG_WARN_UNGUARDED_AVAILABILITY = YES_AGGRESSIVE;
				CLANG_WARN_UNREACHABLE_CODE = YES;
				CLANG_WARN__DUPLICATE_METHOD_MATCH = YES;
				COPY_PHASE_STRIP = NO;
				DEBUG_INFORMATION_FORMAT = "dwarf-with-dsym";
				ENABLE_NS_ASSERTIONS = NO;
				ENABLE_STRICT_OBJC_MSGSEND = YES;
				GCC_C_LANGUAGE_STANDARD = gnu11;
				GCC_NO_COMMON_BLOCKS = YES;
				GCC_WARN_64_TO_32_BIT_CONVERSION = YES;
				GCC_WARN_ABOUT_RETURN_TYPE = YES_ERROR;
				GCC_WARN_UNDECLARED_SELECTOR = YES;
				GCC_WARN_UNINITIALIZED_AUTOS = YES_AGGRESSIVE;
				GCC_WARN_UNUSED_FUNCTION = YES;
				GCC_WARN_UNUSED_VARIABLE = YES;
				IPHONEOS_DEPLOYMENT_TARGET = 13.2;
				MTL_ENABLE_DEBUG_INFO = NO;
				MTL_FAST_MATH = YES;
				SDKROOT = iphoneos;
				SWIFT_COMPILATION_MODE = wholemodule;
				SWIFT_OPTIMIZATION_LEVEL = "-O";
				VALIDATE_PRODUCT = YES;
			};
			name = Release;
		};
		8E83995323C8EB7800B21BD6 /* Debug */ = {
			isa = XCBuildConfiguration;
			buildSettings = {
				ASSETCATALOG_COMPILER_APPICON_NAME = AppIcon;
				CODE_SIGN_STYLE = Automatic;
				DEVELOPMENT_ASSET_PATHS = "\"CoffeeLoader/Preview Content\"";
				ENABLE_PREVIEWS = YES;
				INFOPLIST_FILE = CoffeeLoader/Info.plist;
				LD_RUNPATH_SEARCH_PATHS = (
					"$(inherited)",
					"@executable_path/Frameworks",
				);
				PRODUCT_BUNDLE_IDENTIFIER = com.Test.CoffeeLoader;
				PRODUCT_NAME = "$(TARGET_NAME)";
				SWIFT_VERSION = 5.0;
				TARGETED_DEVICE_FAMILY = "1,2";
			};
			name = Debug;
		};
		8E83995423C8EB7800B21BD6 /* Release */ = {
			isa = XCBuildConfiguration;
			buildSettings = {
				ASSETCATALOG_COMPILER_APPICON_NAME = AppIcon;
				CODE_SIGN_STYLE = Automatic;
				DEVELOPMENT_ASSET_PATHS = "\"CoffeeLoader/Preview Content\"";
				ENABLE_PREVIEWS = YES;
				INFOPLIST_FILE = CoffeeLoader/Info.plist;
				LD_RUNPATH_SEARCH_PATHS = (
					"$(inherited)",
					"@executable_path/Frameworks",
				);
				PRODUCT_BUNDLE_IDENTIFIER = com.Test.CoffeeLoader;
				PRODUCT_NAME = "$(TARGET_NAME)";
				SWIFT_VERSION = 5.0;
				TARGETED_DEVICE_FAMILY = "1,2";
			};
			name = Release;
		};
		8E83995623C8EB7800B21BD6 /* Debug */ = {
			isa = XCBuildConfiguration;
			buildSettings = {
				ALWAYS_EMBED_SWIFT_STANDARD_LIBRARIES = YES;
				BUNDLE_LOADER = "$(TEST_HOST)";
				CODE_SIGN_STYLE = Automatic;
				INFOPLIST_FILE = CoffeeLoaderTests/Info.plist;
				IPHONEOS_DEPLOYMENT_TARGET = 13.2;
				LD_RUNPATH_SEARCH_PATHS = (
					"$(inherited)",
					"@executable_path/Frameworks",
					"@loader_path/Frameworks",
				);
				PRODUCT_BUNDLE_IDENTIFIER = com.Test.CoffeeLoaderTests;
				PRODUCT_NAME = "$(TARGET_NAME)";
				SWIFT_VERSION = 5.0;
				TARGETED_DEVICE_FAMILY = "1,2";
				TEST_HOST = "$(BUILT_PRODUCTS_DIR)/CoffeeLoader.app/CoffeeLoader";
			};
			name = Debug;
		};
		8E83995723C8EB7800B21BD6 /* Release */ = {
			isa = XCBuildConfiguration;
			buildSettings = {
				ALWAYS_EMBED_SWIFT_STANDARD_LIBRARIES = YES;
				BUNDLE_LOADER = "$(TEST_HOST)";
				CODE_SIGN_STYLE = Automatic;
				INFOPLIST_FILE = CoffeeLoaderTests/Info.plist;
				IPHONEOS_DEPLOYMENT_TARGET = 13.2;
				LD_RUNPATH_SEARCH_PATHS = (
					"$(inherited)",
					"@executable_path/Frameworks",
					"@loader_path/Frameworks",
				);
				PRODUCT_BUNDLE_IDENTIFIER = com.Test.CoffeeLoaderTests;
				PRODUCT_NAME = "$(TARGET_NAME)";
				SWIFT_VERSION = 5.0;
				TARGETED_DEVICE_FAMILY = "1,2";
				TEST_HOST = "$(BUILT_PRODUCTS_DIR)/CoffeeLoader.app/CoffeeLoader";
			};
			name = Release;
		};
/* End XCBuildConfiguration section */

/* Begin XCConfigurationList section */
		8E83992E23C8EB7700B21BD6 /* Build configuration list for PBXProject "CoffeeLoader" */ = {
			isa = XCConfigurationList;
			buildConfigurations = (
				8E83995023C8EB7800B21BD6 /* Debug */,
				8E83995123C8EB7800B21BD6 /* Release */,
			);
			defaultConfigurationIsVisible = 0;
			defaultConfigurationName = Release;
		};
		8E83995223C8EB7800B21BD6 /* Build configuration list for PBXNativeTarget "CoffeeLoader" */ = {
			isa = XCConfigurationList;
			buildConfigurations = (
				8E83995323C8EB7800B21BD6 /* Debug */,
				8E83995423C8EB7800B21BD6 /* Release */,
			);
			defaultConfigurationIsVisible = 0;
			defaultConfigurationName = Release;
		};
		8E83995523C8EB7800B21BD6 /* Build configuration list for PBXNativeTarget "CoffeeLoaderTests" */ = {
			isa = XCConfigurationList;
			buildConfigurations = (
				8E83995623C8EB7800B21BD6 /* Debug */,
				8E83995723C8EB7800B21BD6 /* Release */,
			);
			defaultConfigurationIsVisible = 0;
			defaultConfigurationName = Release;
		};
/* End XCConfigurationList section */
	};
	rootObject = 8E83992B23C8EB7700B21BD6 /* Project object */;
}
